
Microsoft Visual Studio Solution File, Format Version 12.00
# Visual Studio Version 17
VisualStudioVersion = 17.14.36310.24 d17.14
MinimumVisualStudioVersion = 10.0.40219.1
Project("{FAE04EC0-301F-11D3-BF4B-00C04F79EFBC}") = "szalloda2", "szalloda2.csproj", "{853F419A-D036-41F4-AC85-6F2E6C2C5432}"
EndProject
Global
	GlobalSection(SolutionConfigurationPlatforms) = preSolution
		Debug|Any CPU = Debug|Any CPU
		Release|Any CPU = Release|Any CPU
	EndGlobalSection
	GlobalSection(ProjectConfigurationPlatforms) = postSolution
		{853F419A-D036-41F4-AC85-6F2E6C2C5432}.Debug|Any CPU.ActiveCfg = Debug|Any CPU
		{853F419A-D036-41F4-AC85-6F2E6C2C5432}.Debug|Any CPU.Build.0 = Debug|Any CPU
		{853F419A-D036-41F4-AC85-6F2E6C2C5432}.Release|Any CPU.ActiveCfg = Release|Any CPU
		{853F419A-D036-41F4-AC85-6F2E6C2C5432}.Release|Any CPU.Build.0 = Release|Any CPU
	EndGlobalSection
	GlobalSection(SolutionProperties) = preSolution
		HideSolutionNode = FALSE
	EndGlobalSection
	GlobalSection(ExtensibilityGlobals) = postSolution
		SolutionGuid = {2290F8FC-4969-4483-B7F9-C5DFDCBE37F7}
	EndGlobalSection
EndGlobal
