
Microsoft Visual Studio Solution File, Format Version 12.00
# Visual Studio Version 17
VisualStudioVersion = 17.14.36310.24 d17.14
MinimumVisualStudioVersion = 10.0.40219.1
Project("{FAE04EC0-301F-11D3-BF4B-00C04F79EFBC}") = "allat", "allat.csproj", "{F71E0846-B983-4F6E-9C24-ADE6294DD847}"
EndProject
Global
	GlobalSection(SolutionConfigurationPlatforms) = preSolution
		Debug|Any CPU = Debug|Any CPU
		Release|Any CPU = Release|Any CPU
	EndGlobalSection
	GlobalSection(ProjectConfigurationPlatforms) = postSolution
		{F71E0846-B983-4F6E-9C24-ADE6294DD847}.Debug|Any CPU.ActiveCfg = Debug|Any CPU
		{F71E0846-B983-4F6E-9C24-ADE6294DD847}.Debug|Any CPU.Build.0 = Debug|Any CPU
		{F71E0846-B983-4F6E-9C24-ADE6294DD847}.Release|Any CPU.ActiveCfg = Release|Any CPU
		{F71E0846-B983-4F6E-9C24-ADE6294DD847}.Release|Any CPU.Build.0 = Release|Any CPU
	EndGlobalSection
	GlobalSection(SolutionProperties) = preSolution
		HideSolutionNode = FALSE
	EndGlobalSection
	GlobalSection(ExtensibilityGlobals) = postSolution
		SolutionGuid = {61E548A5-A7F3-4DE6-9C75-B5A6F1FFBA26}
	EndGlobalSection
EndGlobal
