
Microsoft Visual Studio Solution File, Format Version 12.00
# Visual Studio Version 17
VisualStudioVersion = 17.14.36310.24 d17.14
MinimumVisualStudioVersion = 10.0.40219.1
Project("{FAE04EC0-301F-11D3-BF4B-00C04F79EFBC}") = "randomszam", "randomszam\randomszam.csproj", "{8D93BCAD-400D-4EAC-AF27-C23AF341A6C8}"
EndProject
Global
	GlobalSection(SolutionConfigurationPlatforms) = preSolution
		Debug|Any CPU = Debug|Any CPU
		Release|Any CPU = Release|Any CPU
	EndGlobalSection
	GlobalSection(ProjectConfigurationPlatforms) = postSolution
		{8D93BCAD-400D-4EAC-AF27-C23AF341A6C8}.Debug|Any CPU.ActiveCfg = Debug|Any CPU
		{8D93BCAD-400D-4EAC-AF27-C23AF341A6C8}.Debug|Any CPU.Build.0 = Debug|Any CPU
		{8D93BCAD-400D-4EAC-AF27-C23AF341A6C8}.Release|Any CPU.ActiveCfg = Release|Any CPU
		{8D93BCAD-400D-4EAC-AF27-C23AF341A6C8}.Release|Any CPU.Build.0 = Release|Any CPU
	EndGlobalSection
	GlobalSection(SolutionProperties) = preSolution
		HideSolutionNode = FALSE
	EndGlobalSection
	GlobalSection(ExtensibilityGlobals) = postSolution
		SolutionGuid = {0E4CEBEF-343C-4AFD-BEC7-F4752546EBA9}
	EndGlobalSection
EndGlobal
