
Microsoft Visual Studio Solution File, Format Version 12.00
# Visual Studio Version 17
VisualStudioVersion = 17.14.36310.24 d17.14
MinimumVisualStudioVersion = 10.0.40219.1
Project("{FAE04EC0-301F-11D3-BF4B-00C04F79EFBC}") = "szalloda3", "szalloda3\szalloda3.csproj", "{2593781B-5237-42A2-8F94-91F186EECF06}"
EndProject
Global
	GlobalSection(SolutionConfigurationPlatforms) = preSolution
		Debug|Any CPU = Debug|Any CPU
		Release|Any CPU = Release|Any CPU
	EndGlobalSection
	GlobalSection(ProjectConfigurationPlatforms) = postSolution
		{2593781B-5237-42A2-8F94-91F186EECF06}.Debug|Any CPU.ActiveCfg = Debug|Any CPU
		{2593781B-5237-42A2-8F94-91F186EECF06}.Debug|Any CPU.Build.0 = Debug|Any CPU
		{2593781B-5237-42A2-8F94-91F186EECF06}.Release|Any CPU.ActiveCfg = Release|Any CPU
		{2593781B-5237-42A2-8F94-91F186EECF06}.Release|Any CPU.Build.0 = Release|Any CPU
	EndGlobalSection
	GlobalSection(SolutionProperties) = preSolution
		HideSolutionNode = FALSE
	EndGlobalSection
	GlobalSection(ExtensibilityGlobals) = postSolution
		SolutionGuid = {89AC6B6C-CF5B-4076-BE28-08A286F9897D}
	EndGlobalSection
EndGlobal
