
Microsoft Visual Studio Solution File, Format Version 12.00
# Visual Studio Version 17
VisualStudioVersion = 17.14.36310.24 d17.14
MinimumVisualStudioVersion = 10.0.40219.1
Project("{FAE04EC0-301F-11D3-BF4B-00C04F79EFBC}") = "szalloda", "szalloda.csproj", "{167CA729-FD3C-420F-AF95-C9BA48633213}"
EndProject
Global
	GlobalSection(SolutionConfigurationPlatforms) = preSolution
		Debug|Any CPU = Debug|Any CPU
		Release|Any CPU = Release|Any CPU
	EndGlobalSection
	GlobalSection(ProjectConfigurationPlatforms) = postSolution
		{167CA729-FD3C-420F-AF95-C9BA48633213}.Debug|Any CPU.ActiveCfg = Debug|Any CPU
		{167CA729-FD3C-420F-AF95-C9BA48633213}.Debug|Any CPU.Build.0 = Debug|Any CPU
		{167CA729-FD3C-420F-AF95-C9BA48633213}.Release|Any CPU.ActiveCfg = Release|Any CPU
		{167CA729-FD3C-420F-AF95-C9BA48633213}.Release|Any CPU.Build.0 = Release|Any CPU
	EndGlobalSection
	GlobalSection(SolutionProperties) = preSolution
		HideSolutionNode = FALSE
	EndGlobalSection
	GlobalSection(ExtensibilityGlobals) = postSolution
		SolutionGuid = {29299D0E-D100-4E68-9A05-48A09DCE6C1C}
	EndGlobalSection
EndGlobal
