
Microsoft Visual Studio Solution File, Format Version 12.00
# Visual Studio Version 17
VisualStudioVersion = 17.14.36310.24 d17.14
MinimumVisualStudioVersion = 10.0.40219.1
Project("{FAE04EC0-301F-11D3-BF4B-00C04F79EFBC}") = "EletJatek", "EletJatek.csproj", "{B1E98989-E75B-4FA0-8FFC-B1C6EF83F6BE}"
EndProject
Global
	GlobalSection(SolutionConfigurationPlatforms) = preSolution
		Debug|Any CPU = Debug|Any CPU
		Release|Any CPU = Release|Any CPU
	EndGlobalSection
	GlobalSection(ProjectConfigurationPlatforms) = postSolution
		{B1E98989-E75B-4FA0-8FFC-B1C6EF83F6BE}.Debug|Any CPU.ActiveCfg = Debug|Any CPU
		{B1E98989-E75B-4FA0-8FFC-B1C6EF83F6BE}.Debug|Any CPU.Build.0 = Debug|Any CPU
		{B1E98989-E75B-4FA0-8FFC-B1C6EF83F6BE}.Release|Any CPU.ActiveCfg = Release|Any CPU
		{B1E98989-E75B-4FA0-8FFC-B1C6EF83F6BE}.Release|Any CPU.Build.0 = Release|Any CPU
	EndGlobalSection
	GlobalSection(SolutionProperties) = preSolution
		HideSolutionNode = FALSE
	EndGlobalSection
	GlobalSection(ExtensibilityGlobals) = postSolution
		SolutionGuid = {4CBB6212-7B22-4AB7-8EFF-233E68A5AF88}
	EndGlobalSection
EndGlobal
